// !$*UTF8*$!
{
	archiveVersion = 1;
	classes = {
	};
	objectVersion = 51;
	objects = {

/* Begin PBXBuildFile section */
		84A85F51AC6AD0F6B4E8E13E /* Pods_SpringApp.framework in Frameworks */ = {isa = PBXBuildFile; fileRef = 55A6CA7282D7DF9C44A73A9E /* Pods_SpringApp.framework */; };
		A73F882F26418ACC00A2BAB3 /* AppDelegate.swift in Sources */ = {isa = PBXBuildFile; fileRef = A73F882E26418ACC00A2BAB3 /* AppDelegate.swift */; };
		A73F883126418ACC00A2BAB3 /* SceneDelegate.swift in Sources */ = {isa = PBXBuildFile; fileRef = A73F883026418ACC00A2BAB3 /* SceneDelegate.swift */; };
		A73F883326418ACC00A2BAB3 /* ViewController.swift in Sources */ = {isa = PBXBuildFile; fileRef = A73F883226418ACC00A2BAB3 /* ViewController.swift */; };
		A73F883626418ACC00A2BAB3 /* Main.storyboard in Resources */ = {isa = PBXBuildFile; fileRef = A73F883426418ACC00A2BAB3 /* Main.storyboard */; };
		A73F883826418ACD00A2BAB3 /* Assets.xcassets in Resources */ = {isa = PBXBuildFile; fileRef = A73F883726418ACD00A2BAB3 /* Assets.xcassets */; };
		A73F883B26418ACD00A2BAB3 /* LaunchScreen.storyboard in Resources */ = {isa = PBXBuildFile; fileRef = A73F883926418ACD00A2BAB3 /* LaunchScreen.storyboard */; };
		A73F88492641943A00A2BAB3 /* ExtensionUIView.swift in Sources */ = {isa = PBXBuildFile; fileRef = A73F88482641943A00A2BAB3 /* ExtensionUIView.swift */; };
		A73F884C2641A35D00A2BAB3 /* SpringAnimation.swift in Sources */ = {isa = PBXBuildFile; fileRef = A73F884B2641A35D00A2BAB3 /* SpringAnimation.swift */; };
		A73F884F2641A4E100A2BAB3 /* AnimationInfoDataManager.swift in Sources */ = {isa = PBXBuildFile; fileRef = A73F884E2641A4E100A2BAB3 /* AnimationInfoDataManager.swift */; };
/* End PBXBuildFile section */

/* Begin PBXFileReference section */
		55A6CA7282D7DF9C44A73A9E /* Pods_SpringApp.framework */ = {isa = PBXFileReference; explicitFileType = wrapper.framework; includeInIndex = 0; path = Pods_SpringApp.framework; sourceTree = BUILT_PRODUCTS_DIR; };
		A73F882B26418ACC00A2BAB3 /* SpringApp.app */ = {isa = PBXFileReference; explicitFileType = wrapper.application; includeInIndex = 0; path = SpringApp.app; sourceTree = BUILT_PRODUCTS_DIR; };
		A73F882E26418ACC00A2BAB3 /* AppDelegate.swift */ = {isa = PBXFileReference; lastKnownFileType = sourcecode.swift; path = AppDelegate.swift; sourceTree = "<group>"; };
		A73F883026418ACC00A2BAB3 /* SceneDelegate.swift */ = {isa = PBXFileReference; lastKnownFileType = sourcecode.swift; path = SceneDelegate.swift; sourceTree = "<group>"; };
		A73F883226418ACC00A2BAB3 /* ViewController.swift */ = {isa = PBXFileReference; lastKnownFileType = sourcecode.swift; path = ViewController.swift; sourceTree = "<group>"; };
		A73F883526418ACC00A2BAB3 /* Base */ = {isa = PBXFileReference; lastKnownFileType = file.storyboard; name = Base; path = Base.lproj/Main.storyboard; sourceTree = "<group>"; };
		A73F883726418ACD00A2BAB3 /* Assets.xcassets */ = {isa = PBXFileReference; lastKnownFileType = folder.assetcatalog; path = Assets.xcassets; sourceTree = "<group>"; };
		A73F883A26418ACD00A2BAB3 /* Base */ = {isa = PBXFileReference; lastKnownFileType = file.storyboard; name = Base; path = Base.lproj/LaunchScreen.storyboard; sourceTree = "<group>"; };
		A73F883C26418ACD00A2BAB3 /* Info.plist */ = {isa = PBXFileReference; lastKnownFileType = text.plist.xml; path = Info.plist; sourceTree = "<group>"; };
		A73F88482641943A00A2BAB3 /* ExtensionUIView.swift */ = {isa = PBXFileReference; lastKnownFileType = sourcecode.swift; path = ExtensionUIView.swift; sourceTree = "<group>"; };
		A73F884B2641A35D00A2BAB3 /* SpringAnimation.swift */ = {isa = PBXFileReference; lastKnownFileType = sourcecode.swift; path = SpringAnimation.swift; sourceTree = "<group>"; };
		A73F884E2641A4E100A2BAB3 /* AnimationInfoDataManager.swift */ = {isa = PBXFileReference; lastKnownFileType = sourcecode.swift; path = AnimationInfoDataManager.swift; sourceTree = "<group>"; };
		C20486A27D2C9417AFD1C152 /* Pods-SpringApp.release.xcconfig */ = {isa = PBXFileReference; includeInIndex = 1; lastKnownFileType = text.xcconfig; name = "Pods-SpringApp.release.xcconfig"; path = "Target Support Files/Pods-SpringApp/Pods-SpringApp.release.xcconfig"; sourceTree = "<group>"; };
		CB1840F9F34A807CE893221E /* Pods-SpringApp.debug.xcconfig */ = {isa = PBXFileReference; includeInIndex = 1; lastKnownFileType = text.xcconfig; name = "Pods-SpringApp.debug.xcconfig"; path = "Target Support Files/Pods-SpringApp/Pods-SpringApp.debug.xcconfig"; sourceTree = "<group>"; };
/* End PBXFileReference section */

/* Begin PBXFrameworksBuildPhase section */
		A73F882826418ACC00A2BAB3 /* Frameworks */ = {
			isa = PBXFrameworksBuildPhase;
			buildActionMask = 2147483647;
			files = (
				84A85F51AC6AD0F6B4E8E13E /* Pods_SpringApp.framework in Frameworks */,
			);
			runOnlyForDeploymentPostprocessing = 0;
		};
/* End PBXFrameworksBuildPhase section */

/* Begin PBXGroup section */
		2206B04A14626A90856089F6 /* Frameworks */ = {
			isa = PBXGroup;
			children = (
				55A6CA7282D7DF9C44A73A9E /* Pods_SpringApp.framework */,
			);
			name = Frameworks;
			sourceTree = "<group>";
		};
		494559DA46678F1CE0372F5D /* Pods */ = {
			isa = PBXGroup;
			children = (
				CB1840F9F34A807CE893221E /* Pods-SpringApp.debug.xcconfig */,
				C20486A27D2C9417AFD1C152 /* Pods-SpringApp.release.xcconfig */,
			);
			path = Pods;
			sourceTree = "<group>";
		};
		A73F882226418ACC00A2BAB3 = {
			isa = PBXGroup;
			children = (
				A73F882D26418ACC00A2BAB3 /* SpringApp */,
				A73F882C26418ACC00A2BAB3 /* Products */,
				494559DA46678F1CE0372F5D /* Pods */,
				2206B04A14626A90856089F6 /* Frameworks */,
			);
			sourceTree = "<group>";
		};
		A73F882C26418ACC00A2BAB3 /* Products */ = {
			isa = PBXGroup;
			children = (
				A73F882B26418ACC00A2BAB3 /* SpringApp.app */,
			);
			name = Products;
			sourceTree = "<group>";
		};
		A73F882D26418ACC00A2BAB3 /* SpringApp */ = {
			isa = PBXGroup;
			children = (
				A73F88462641941E00A2BAB3 /* Core */,
				A73F884A2641A34300A2BAB3 /* Models */,
				A73F884226418C7E00A2BAB3 /* Supporting */,
				A73F884326418C8F00A2BAB3 /* ViewControllers */,
				A73F884426418C9C00A2BAB3 /* Storyboards */,
				A73F884526418CAB00A2BAB3 /* Resources */,
			);
			path = SpringApp;
			sourceTree = "<group>";
		};
		A73F884226418C7E00A2BAB3 /* Supporting */ = {
			isa = PBXGroup;
			children = (
				A73F882E26418ACC00A2BAB3 /* AppDelegate.swift */,
				A73F883026418ACC00A2BAB3 /* SceneDelegate.swift */,
				A73F883C26418ACD00A2BAB3 /* Info.plist */,
			);
			path = Supporting;
			sourceTree = "<group>";
		};
		A73F884326418C8F00A2BAB3 /* ViewControllers */ = {
			isa = PBXGroup;
			children = (
				A73F883226418ACC00A2BAB3 /* ViewController.swift */,
			);
			path = ViewControllers;
			sourceTree = "<group>";
		};
		A73F884426418C9C00A2BAB3 /* Storyboards */ = {
			isa = PBXGroup;
			children = (
				A73F883426418ACC00A2BAB3 /* Main.storyboard */,
				A73F883926418ACD00A2BAB3 /* LaunchScreen.storyboard */,
			);
			path = Storyboards;
			sourceTree = "<group>";
		};
		A73F884526418CAB00A2BAB3 /* Resources */ = {
			isa = PBXGroup;
			children = (
				A73F883726418ACD00A2BAB3 /* Assets.xcassets */,
			);
			path = Resources;
			sourceTree = "<group>";
		};
		A73F88462641941E00A2BAB3 /* Core */ = {
			isa = PBXGroup;
			children = (
				A73F884D2641A42D00A2BAB3 /* Services */,
				A73F88472641942300A2BAB3 /* Extensions */,
			);
			path = Core;
			sourceTree = "<group>";
		};
		A73F88472641942300A2BAB3 /* Extensions */ = {
			isa = PBXGroup;
			children = (
				A73F88482641943A00A2BAB3 /* ExtensionUIView.swift */,
			);
			path = Extensions;
			sourceTree = "<group>";
		};
		A73F884A2641A34300A2BAB3 /* Models */ = {
			isa = PBXGroup;
			children = (
				A73F884B2641A35D00A2BAB3 /* SpringAnimation.swift */,
			);
			path = Models;
			sourceTree = "<group>";
		};
		A73F884D2641A42D00A2BAB3 /* Services */ = {
			isa = PBXGroup;
			children = (
				A73F884E2641A4E100A2BAB3 /* AnimationInfoDataManager.swift */,
			);
			path = Services;
			sourceTree = "<group>";
		};
/* End PBXGroup section */

/* Begin PBXNativeTarget section */
		A73F882A26418ACC00A2BAB3 /* SpringApp */ = {
			isa = PBXNativeTarget;
			buildConfigurationList = A73F883F26418ACD00A2BAB3 /* Build configuration list for PBXNativeTarget "SpringApp" */;
			buildPhases = (
				DCBE1539D981A6568E6C4224 /* [CP] Check Pods Manifest.lock */,
				A73F882726418ACC00A2BAB3 /* Sources */,
				A73F882826418ACC00A2BAB3 /* Frameworks */,
				A73F882926418ACC00A2BAB3 /* Resources */,
				B29FD1F8BDFDA1A3A9CA1515 /* [CP] Embed Pods Frameworks */,
			);
			buildRules = (
			);
			dependencies = (
			);
			name = SpringApp;
			productName = SpringApp;
			productReference = A73F882B26418ACC00A2BAB3 /* SpringApp.app */;
			productType = "com.apple.product-type.application";
		};
/* End PBXNativeTarget section */

/* Begin PBXProject section */
		A73F882326418ACC00A2BAB3 /* Project object */ = {
			isa = PBXProject;
			attributes = {
				LastSwiftUpdateCheck = 1250;
				LastUpgradeCheck = 1250;
				TargetAttributes = {
					A73F882A26418ACC00A2BAB3 = {
						CreatedOnToolsVersion = 12.5;
					};
				};
			};
			buildConfigurationList = A73F882626418ACC00A2BAB3 /* Build configuration list for PBXProject "SpringApp" */;
			compatibilityVersion = "Xcode 9.3";
			developmentRegion = en;
			hasScannedForEncodings = 0;
			knownRegions = (
				en,
				Base,
			);
			mainGroup = A73F882226418ACC00A2BAB3;
			productRefGroup = A73F882C26418ACC00A2BAB3 /* Products */;
			projectDirPath = "";
			projectRoot = "";
			targets = (
				A73F882A26418ACC00A2BAB3 /* SpringApp */,
			);
		};
/* End PBXProject section */

/* Begin PBXResourcesBuildPhase section */
		A73F882926418ACC00A2BAB3 /* Resources */ = {
			isa = PBXResourcesBuildPhase;
			buildActionMask = 2147483647;
			files = (
				A73F883B26418ACD00A2BAB3 /* LaunchScreen.storyboard in Resources */,
				A73F883826418ACD00A2BAB3 /* Assets.xcassets in Resources */,
				A73F883626418ACC00A2BAB3 /* Main.storyboard in Resources */,
			);
			runOnlyForDeploymentPostprocessing = 0;
		};
/* End PBXResourcesBuildPhase section */

/* Begin PBXShellScriptBuildPhase section */
		B29FD1F8BDFDA1A3A9CA1515 /* [CP] Embed Pods Frameworks */ = {
			isa = PBXShellScriptBuildPhase;
			buildActionMask = 2147483647;
			files = (
			);
			inputFileListPaths = (
				"${PODS_ROOT}/Target Support Files/Pods-SpringApp/Pods-SpringApp-frameworks-${CONFIGURATION}-input-files.xcfilelist",
			);
			name = "[CP] Embed Pods Frameworks";
			outputFileListPaths = (
				"${PODS_ROOT}/Target Support Files/Pods-SpringApp/Pods-SpringApp-frameworks-${CONFIGURATION}-output-files.xcfilelist",
			);
			runOnlyForDeploymentPostprocessing = 0;
			shellPath = /bin/sh;
			shellScript = "\"${PODS_ROOT}/Target Support Files/Pods-SpringApp/Pods-SpringApp-frameworks.sh\"\n";
			showEnvVarsInLog = 0;
		};
		DCBE1539D981A6568E6C4224 /* [CP] Check Pods Manifest.lock */ = {
			isa = PBXShellScriptBuildPhase;
			buildActionMask = 2147483647;
			files = (
			);
			inputFileListPaths = (
			);
			inputPaths = (
				"${PODS_PODFILE_DIR_PATH}/Podfile.lock",
				"${PODS_ROOT}/Manifest.lock",
			);
			name = "[CP] Check Pods Manifest.lock";
			outputFileListPaths = (
			);
			outputPaths = (
				"$(DERIVED_FILE_DIR)/Pods-SpringApp-checkManifestLockResult.txt",
			);
			runOnlyForDeploymentPostprocessing = 0;
			shellPath = /bin/sh;
			shellScript = "diff \"${PODS_PODFILE_DIR_PATH}/Podfile.lock\" \"${PODS_ROOT}/Manifest.lock\" > /dev/null\nif [ $? != 0 ] ; then\n    # print error to STDERR\n    echo \"error: The sandbox is not in sync with the Podfile.lock. Run 'pod install' or update your CocoaPods installation.\" >&2\n    exit 1\nfi\n# This output is used by Xcode 'outputs' to avoid re-running this script phase.\necho \"SUCCESS\" > \"${SCRIPT_OUTPUT_FILE_0}\"\n";
			showEnvVarsInLog = 0;
		};
/* End PBXShellScriptBuildPhase section */

/* Begin PBXSourcesBuildPhase section */
		A73F882726418ACC00A2BAB3 /* Sources */ = {
			isa = PBXSourcesBuildPhase;
			buildActionMask = 2147483647;
			files = (
				A73F883326418ACC00A2BAB3 /* ViewController.swift in Sources */,
				A73F882F26418ACC00A2BAB3 /* AppDelegate.swift in Sources */,
				A73F884C2641A35D00A2BAB3 /* SpringAnimation.swift in Sources */,
				A73F88492641943A00A2BAB3 /* ExtensionUIView.swift in Sources */,
				A73F884F2641A4E100A2BAB3 /* AnimationInfoDataManager.swift in Sources */,
				A73F883126418ACC00A2BAB3 /* SceneDelegate.swift in Sources */,
			);
			runOnlyForDeploymentPostprocessing = 0;
		};
/* End PBXSourcesBuildPhase section */

/* Begin PBXVariantGroup section */
		A73F883426418ACC00A2BAB3 /* Main.storyboard */ = {
			isa = PBXVariantGroup;
			children = (
				A73F883526418ACC00A2BAB3 /* Base */,
			);
			name = Main.storyboard;
			sourceTree = "<group>";
		};
		A73F883926418ACD00A2BAB3 /* LaunchScreen.storyboard */ = {
			isa = PBXVariantGroup;
			children = (
				A73F883A26418ACD00A2BAB3 /* Base */,
			);
			name = LaunchScreen.storyboard;
			sourceTree = "<group>";
		};
/* End PBXVariantGroup section */

/* Begin XCBuildConfiguration section */
		A73F883D26418ACD00A2BAB3 /* Debug */ = {
			isa = XCBuildConfiguration;
			buildSettings = {
				ALWAYS_SEARCH_USER_PATHS = NO;
				CLANG_ANALYZER_NONNULL = YES;
				CLANG_ANALYZER_NUMBER_OBJECT_CONVERSION = YES_AGGRESSIVE;
				CLANG_CXX_LANGUAGE_STANDARD = "gnu++14";
				CLANG_CXX_LIBRARY = "libc++";
				CLANG_ENABLE_MODULES = YES;
				CLANG_ENABLE_OBJC_ARC = YES;
				CLANG_ENABLE_OBJC_WEAK = YES;
				CLANG_WARN_BLOCK_CAPTURE_AUTORELEASING = YES;
				CLANG_WARN_BOOL_CONVERSION = YES;
				CLANG_WARN_COMMA = YES;
				CLANG_WARN_CONSTANT_CONVERSION = YES;
				CLANG_WARN_DEPRECATED_OBJC_IMPLEMENTATIONS = YES;
				CLANG_WARN_DIRECT_OBJC_ISA_USAGE = YES_ERROR;
				CLANG_WARN_DOCUMENTATION_COMMENTS = YES;
				CLANG_WARN_EMPTY_BODY = YES;
				CLANG_WARN_ENUM_CONVERSION = YES;
				CLANG_WARN_INFINITE_RECURSION = YES;
				CLANG_WARN_INT_CONVERSION = YES;
				CLANG_WARN_NON_LITERAL_NULL_CONVERSION = YES;
				CLANG_WARN_OBJC_IMPLICIT_RETAIN_SELF = YES;
				CLANG_WARN_OBJC_LITERAL_CONVERSION = YES;
				CLANG_WARN_OBJC_ROOT_CLASS = YES_ERROR;
				CLANG_WARN_QUOTED_INCLUDE_IN_FRAMEWORK_HEADER = YES;
				CLANG_WARN_RANGE_LOOP_ANALYSIS = YES;
				CLANG_WARN_STRICT_PROTOTYPES = YES;
				CLANG_WARN_SUSPICIOUS_MOVE = YES;
				CLANG_WARN_UNGUARDED_AVAILABILITY = YES_AGGRESSIVE;
				CLANG_WARN_UNREACHABLE_CODE = YES;
				CLANG_WARN__DUPLICATE_METHOD_MATCH = YES;
				COPY_PHASE_STRIP = NO;
				DEBUG_INFORMATION_FORMAT = dwarf;
				ENABLE_STRICT_OBJC_MSGSEND = YES;
				ENABLE_TESTABILITY = YES;
				GCC_C_LANGUAGE_STANDARD = gnu11;
				GCC_DYNAMIC_NO_PIC = NO;
				GCC_NO_COMMON_BLOCKS = YES;
				GCC_OPTIMIZATION_LEVEL = 0;
				GCC_PREPROCESSOR_DEFINITIONS = (
					"DEBUG=1",
					"$(inherited)",
				);
				GCC_WARN_64_TO_32_BIT_CONVERSION = YES;
				GCC_WARN_ABOUT_RETURN_TYPE = YES_ERROR;
				GCC_WARN_UNDECLARED_SELECTOR = YES;
				GCC_WARN_UNINITIALIZED_AUTOS = YES_AGGRESSIVE;
				GCC_WARN_UNUSED_FUNCTION = YES;
				GCC_WARN_UNUSED_VARIABLE = YES;
				IPHONEOS_DEPLOYMENT_TARGET = 14.5;
				MTL_ENABLE_DEBUG_INFO = INCLUDE_SOURCE;
				MTL_FAST_MATH = YES;
				ONLY_ACTIVE_ARCH = YES;
				SDKROOT = iphoneos;
				SWIFT_ACTIVE_COMPILATION_CONDITIONS = DEBUG;
				SWIFT_OPTIMIZATION_LEVEL = "-Onone";
			};
			name = Debug;
		};
		A73F883E26418ACD00A2BAB3 /* Release */ = {
			isa = XCBuildConfiguration;
			buildSettings = {
				ALWAYS_SEARCH_USER_PATHS = NO;
				CLANG_ANALYZER_NONNULL = YES;
				CLANG_ANALYZER_NUMBER_OBJECT_CONVERSION = YES_AGGRESSIVE;
				CLANG_CXX_LANGUAGE_STANDARD = "gnu++14";
				CLANG_CXX_LIBRARY = "libc++";
				CLANG_ENABLE_MODULES = YES;
				CLANG_ENABLE_OBJC_ARC = YES;
				CLANG_ENABLE_OBJC_WEAK = YES;
				CLANG_WARN_BLOCK_CAPTURE_AUTORELEASING = YES;
				CLANG_WARN_BOOL_CONVERSION = YES;
				CLANG_WARN_COMMA = YES;
				CLANG_WARN_CONSTANT_CONVERSION = YES;
				CLANG_WARN_DEPRECATED_OBJC_IMPLEMENTATIONS = YES;
				CLANG_WARN_DIRECT_OBJC_ISA_USAGE = YES_ERROR;
				CLANG_WARN_DOCUMENTATION_COMMENTS = YES;
				CLANG_WARN_EMPTY_BODY = YES;
				CLANG_WARN_ENUM_CONVERSION = YES;
				CLANG_WARN_INFINITE_RECURSION = YES;
				CLANG_WARN_INT_CONVERSION = YES;
				CLANG_WARN_NON_LITERAL_NULL_CONVERSION = YES;
				CLANG_WARN_OBJC_IMPLICIT_RETAIN_SELF = YES;
				CLANG_WARN_OBJC_LITERAL_CONVERSION = YES;
				CLANG_WARN_OBJC_ROOT_CLASS = YES_ERROR;
				CLANG_WARN_QUOTED_INCLUDE_IN_FRAMEWORK_HEADER = YES;
				CLANG_WARN_RANGE_LOOP_ANALYSIS = YES;
				CLANG_WARN_STRICT_PROTOTYPES = YES;
				CLANG_WARN_SUSPICIOUS_MOVE = YES;
				CLANG_WARN_UNGUARDED_AVAILABILITY = YES_AGGRESSIVE;
				CLANG_WARN_UNREACHABLE_CODE = YES;
				CLANG_WARN__DUPLICATE_METHOD_MATCH = YES;
				COPY_PHASE_STRIP = NO;
				DEBUG_INFORMATION_FORMAT = "dwarf-with-dsym";
				ENABLE_NS_ASSERTIONS = NO;
				ENABLE_STRICT_OBJC_MSGSEND = YES;
				GCC_C_LANGUAGE_STANDARD = gnu11;
				GCC_NO_COMMON_BLOCKS = YES;
				GCC_WARN_64_TO_32_BIT_CONVERSION = YES;
				GCC_WARN_ABOUT_RETURN_TYPE = YES_ERROR;
				GCC_WARN_UNDECLARED_SELECTOR = YES;
				GCC_WARN_UNINITIALIZED_AUTOS = YES_AGGRESSIVE;
				GCC_WARN_UNUSED_FUNCTION = YES;
				GCC_WARN_UNUSED_VARIABLE = YES;
				IPHONEOS_DEPLOYMENT_TARGET = 14.5;
				MTL_ENABLE_DEBUG_INFO = NO;
				MTL_FAST_MATH = YES;
				SDKROOT = iphoneos;
				SWIFT_COMPILATION_MODE = wholemodule;
				SWIFT_OPTIMIZATION_LEVEL = "-O";
				VALIDATE_PRODUCT = YES;
			};
			name = Release;
		};
		A73F884026418ACD00A2BAB3 /* Debug */ = {
			isa = XCBuildConfiguration;
			baseConfigurationReference = CB1840F9F34A807CE893221E /* Pods-SpringApp.debug.xcconfig */;
			buildSettings = {
				ASSETCATALOG_COMPILER_APPICON_NAME = AppIcon;
				ASSETCATALOG_COMPILER_GLOBAL_ACCENT_COLOR_NAME = AccentColor;
				CODE_SIGN_STYLE = Automatic;
				DEVELOPMENT_TEAM = 4JX7HPBVUY;
				INFOPLIST_FILE = SpringApp/Supporting/Info.plist;
				LD_RUNPATH_SEARCH_PATHS = (
					"$(inherited)",
					"@executable_path/Frameworks",
				);
				PRODUCT_BUNDLE_IDENTIFIER = com.example.SpringApp;
				PRODUCT_NAME = "$(TARGET_NAME)";
				SWIFT_VERSION = 5.0;
				TARGETED_DEVICE_FAMILY = "1,2";
			};
			name = Debug;
		};
		A73F884126418ACD00A2BAB3 /* Release */ = {
			isa = XCBuildConfiguration;
			baseConfigurationReference = C20486A27D2C9417AFD1C152 /* Pods-SpringApp.release.xcconfig */;
			buildSettings = {
				ASSETCATALOG_COMPILER_APPICON_NAME = AppIcon;
				ASSETCATALOG_COMPILER_GLOBAL_ACCENT_COLOR_NAME = AccentColor;
				CODE_SIGN_STYLE = Automatic;
				DEVELOPMENT_TEAM = 4JX7HPBVUY;
				INFOPLIST_FILE = SpringApp/Supporting/Info.plist;
				LD_RUNPATH_SEARCH_PATHS = (
					"$(inherited)",
					"@executable_path/Frameworks",
				);
				PRODUCT_BUNDLE_IDENTIFIER = com.example.SpringApp;
				PRODUCT_NAME = "$(TARGET_NAME)";
				SWIFT_VERSION = 5.0;
				TARGETED_DEVICE_FAMILY = "1,2";
			};
			name = Release;
		};
/* End XCBuildConfiguration section */

/* Begin XCConfigurationList section */
		A73F882626418ACC00A2BAB3 /* Build configuration list for PBXProject "SpringApp" */ = {
			isa = XCConfigurationList;
			buildConfigurations = (
				A73F883D26418ACD00A2BAB3 /* Debug */,
				A73F883E26418ACD00A2BAB3 /* Release */,
			);
			defaultConfigurationIsVisible = 0;
			defaultConfigurationName = Release;
		};
		A73F883F26418ACD00A2BAB3 /* Build configuration list for PBXNativeTarget "SpringApp" */ = {
			isa = XCConfigurationList;
			buildConfigurations = (
				A73F884026418ACD00A2BAB3 /* Debug */,
				A73F884126418ACD00A2BAB3 /* Release */,
			);
			defaultConfigurationIsVisible = 0;
			defaultConfigurationName = Release;
		};
/* End XCConfigurationList section */
	};
	rootObject = A73F882326418ACC00A2BAB3 /* Project object */;
}
